
Microsoft Visual Studio Solution File, Format Version 12.00
# Visual Studio 15
VisualStudioVersion = 15.0.28307.136
MinimumVisualStudioVersion = 10.0.40219.1
Project("{FAE04EC0-301F-11D3-BF4B-00C04F79EFBC}") = "LabEx19 - Fractions", "LabEx19 - Fractions\LabEx19 - Fractions.csproj", "{E416CDD3-B1F8-4568-B2F5-07E2867A1144}"
EndProject
Global
	GlobalSection(SolutionConfigurationPlatforms) = preSolution
		Debug|Any CPU = Debug|Any CPU
		Release|Any CPU = Release|Any CPU
	EndGlobalSection
	GlobalSection(ProjectConfigurationPlatforms) = postSolution
		{E416CDD3-B1F8-4568-B2F5-07E2867A1144}.Debug|Any CPU.ActiveCfg = Debug|Any CPU
		{E416CDD3-B1F8-4568-B2F5-07E2867A1144}.Debug|Any CPU.Build.0 = Debug|Any CPU
		{E416CDD3-B1F8-4568-B2F5-07E2867A1144}.Release|Any CPU.ActiveCfg = Release|Any CPU
		{E416CDD3-B1F8-4568-B2F5-07E2867A1144}.Release|Any CPU.Build.0 = Release|Any CPU
	EndGlobalSection
	GlobalSection(SolutionProperties) = preSolution
		HideSolutionNode = FALSE
	EndGlobalSection
	GlobalSection(ExtensibilityGlobals) = postSolution
		SolutionGuid = {58F0E37D-7CD3-4C8A-834B-C1E916DF40E4}
	EndGlobalSection
EndGlobal
